
Microsoft Visual Studio Solution File, Format Version 12.00
# Visual Studio Version 17
VisualStudioVersion = 17.8.34316.72
MinimumVisualStudioVersion = 10.0.40219.1
Project("{FAE04EC0-301F-11D3-BF4B-00C04F79EFBC}") = "Library Functionality", "Library Functionality\Library Functionality.csproj", "{F15F8BAD-3C6D-4890-A637-5BD8A881360A}"
EndProject
Global
	GlobalSection(SolutionConfigurationPlatforms) = preSolution
		Debug|Any CPU = Debug|Any CPU
		Release|Any CPU = Release|Any CPU
	EndGlobalSection
	GlobalSection(ProjectConfigurationPlatforms) = postSolution
		{F15F8BAD-3C6D-4890-A637-5BD8A881360A}.Debug|Any CPU.ActiveCfg = Debug|Any CPU
		{F15F8BAD-3C6D-4890-A637-5BD8A881360A}.Debug|Any CPU.Build.0 = Debug|Any CPU
		{F15F8BAD-3C6D-4890-A637-5BD8A881360A}.Release|Any CPU.ActiveCfg = Release|Any CPU
		{F15F8BAD-3C6D-4890-A637-5BD8A881360A}.Release|Any CPU.Build.0 = Release|Any CPU
	EndGlobalSection
	GlobalSection(SolutionProperties) = preSolution
		HideSolutionNode = FALSE
	EndGlobalSection
	GlobalSection(ExtensibilityGlobals) = postSolution
		SolutionGuid = {7B7A2308-2686-41B9-92A7-DF2B2128BFD2}
	EndGlobalSection
EndGlobal
